
Microsoft Visual Studio Solution File, Format Version 12.00
Project("{2150E333-8FDC-42A3-9474-1A3956D46DE8}") = "src", "src", "{387D9FF3-69DB-4C02-9BEC-A15E97CAB1CC}"
EndProject
Project("{2150E333-8FDC-42A3-9474-1A3956D46DE8}") = "tests", "tests", "{DE70D6C5-86B9-49E2-883B-8A5C1C34037A}"
EndProject
Project("{FAE04EC0-301F-11D3-BF4B-00C04F79EFBC}") = "Presentation", "src\Presentation\Presentation.csproj", "{BF07CDF1-C366-4BF9-9AB7-DD6D7CE49D5F}"
EndProject
Project("{FAE04EC0-301F-11D3-BF4B-00C04F79EFBC}") = "Application", "src\Application\Application.csproj", "{BA6CA5D7-D59F-4C61-AACA-CCB59630D4D1}"
EndProject
Project("{FAE04EC0-301F-11D3-BF4B-00C04F79EFBC}") = "Domain", "src\Domain\Domain.csproj", "{D255A718-D34B-4ACA-A5F5-168AB9653312}"
EndProject
Project("{FAE04EC0-301F-11D3-BF4B-00C04F79EFBC}") = "Persistence", "src\Persistence\Persistence.csproj", "{6ECF08B7-A926-4B49-80A8-4A1241882BDC}"
EndProject
Project("{FAE04EC0-301F-11D3-BF4B-00C04F79EFBC}") = "Common", "src\Common\Common.csproj", "{7AF35AFF-5C4D-4C3A-A22D-894E7C95D102}"
EndProject
Project("{FAE04EC0-301F-11D3-BF4B-00C04F79EFBC}") = "Infrastructure", "src\Infrastructure\Infrastructure.csproj", "{FD444764-979A-4A7F-85FB-0BB4CC996ACB}"
EndProject
Project("{FAE04EC0-301F-11D3-BF4B-00C04F79EFBC}") = "Application.IntegrationTests", "tests\Application.IntegrationTests\Application.IntegrationTests.csproj", "{57B6A09A-B329-4D48-89BF-99D599C731E5}"
EndProject
Global
	GlobalSection(SolutionConfigurationPlatforms) = preSolution
		Debug|Any CPU = Debug|Any CPU
		Release|Any CPU = Release|Any CPU
	EndGlobalSection
	GlobalSection(ProjectConfigurationPlatforms) = postSolution
		{BF07CDF1-C366-4BF9-9AB7-DD6D7CE49D5F}.Debug|Any CPU.ActiveCfg = Debug|Any CPU
		{BF07CDF1-C366-4BF9-9AB7-DD6D7CE49D5F}.Debug|Any CPU.Build.0 = Debug|Any CPU
		{BF07CDF1-C366-4BF9-9AB7-DD6D7CE49D5F}.Release|Any CPU.ActiveCfg = Release|Any CPU
		{BF07CDF1-C366-4BF9-9AB7-DD6D7CE49D5F}.Release|Any CPU.Build.0 = Release|Any CPU
		{BA6CA5D7-D59F-4C61-AACA-CCB59630D4D1}.Debug|Any CPU.ActiveCfg = Debug|Any CPU
		{BA6CA5D7-D59F-4C61-AACA-CCB59630D4D1}.Debug|Any CPU.Build.0 = Debug|Any CPU
		{BA6CA5D7-D59F-4C61-AACA-CCB59630D4D1}.Release|Any CPU.ActiveCfg = Release|Any CPU
		{BA6CA5D7-D59F-4C61-AACA-CCB59630D4D1}.Release|Any CPU.Build.0 = Release|Any CPU
		{D255A718-D34B-4ACA-A5F5-168AB9653312}.Debug|Any CPU.ActiveCfg = Debug|Any CPU
		{D255A718-D34B-4ACA-A5F5-168AB9653312}.Debug|Any CPU.Build.0 = Debug|Any CPU
		{D255A718-D34B-4ACA-A5F5-168AB9653312}.Release|Any CPU.ActiveCfg = Release|Any CPU
		{D255A718-D34B-4ACA-A5F5-168AB9653312}.Release|Any CPU.Build.0 = Release|Any CPU
		{6ECF08B7-A926-4B49-80A8-4A1241882BDC}.Debug|Any CPU.ActiveCfg = Debug|Any CPU
		{6ECF08B7-A926-4B49-80A8-4A1241882BDC}.Debug|Any CPU.Build.0 = Debug|Any CPU
		{6ECF08B7-A926-4B49-80A8-4A1241882BDC}.Release|Any CPU.ActiveCfg = Release|Any CPU
		{6ECF08B7-A926-4B49-80A8-4A1241882BDC}.Release|Any CPU.Build.0 = Release|Any CPU
		{7AF35AFF-5C4D-4C3A-A22D-894E7C95D102}.Debug|Any CPU.ActiveCfg = Debug|Any CPU
		{7AF35AFF-5C4D-4C3A-A22D-894E7C95D102}.Debug|Any CPU.Build.0 = Debug|Any CPU
		{7AF35AFF-5C4D-4C3A-A22D-894E7C95D102}.Release|Any CPU.ActiveCfg = Release|Any CPU
		{7AF35AFF-5C4D-4C3A-A22D-894E7C95D102}.Release|Any CPU.Build.0 = Release|Any CPU
		{FD444764-979A-4A7F-85FB-0BB4CC996ACB}.Debug|Any CPU.ActiveCfg = Debug|Any CPU
		{FD444764-979A-4A7F-85FB-0BB4CC996ACB}.Debug|Any CPU.Build.0 = Debug|Any CPU
		{FD444764-979A-4A7F-85FB-0BB4CC996ACB}.Release|Any CPU.ActiveCfg = Release|Any CPU
		{FD444764-979A-4A7F-85FB-0BB4CC996ACB}.Release|Any CPU.Build.0 = Release|Any CPU
		{57B6A09A-B329-4D48-89BF-99D599C731E5}.Debug|Any CPU.ActiveCfg = Debug|Any CPU
		{57B6A09A-B329-4D48-89BF-99D599C731E5}.Debug|Any CPU.Build.0 = Debug|Any CPU
		{57B6A09A-B329-4D48-89BF-99D599C731E5}.Release|Any CPU.ActiveCfg = Release|Any CPU
		{57B6A09A-B329-4D48-89BF-99D599C731E5}.Release|Any CPU.Build.0 = Release|Any CPU
	EndGlobalSection
	GlobalSection(NestedProjects) = preSolution
		{BF07CDF1-C366-4BF9-9AB7-DD6D7CE49D5F} = {387D9FF3-69DB-4C02-9BEC-A15E97CAB1CC}
		{BA6CA5D7-D59F-4C61-AACA-CCB59630D4D1} = {387D9FF3-69DB-4C02-9BEC-A15E97CAB1CC}
		{D255A718-D34B-4ACA-A5F5-168AB9653312} = {387D9FF3-69DB-4C02-9BEC-A15E97CAB1CC}
		{6ECF08B7-A926-4B49-80A8-4A1241882BDC} = {387D9FF3-69DB-4C02-9BEC-A15E97CAB1CC}
		{7AF35AFF-5C4D-4C3A-A22D-894E7C95D102} = {387D9FF3-69DB-4C02-9BEC-A15E97CAB1CC}
		{FD444764-979A-4A7F-85FB-0BB4CC996ACB} = {387D9FF3-69DB-4C02-9BEC-A15E97CAB1CC}
		{57B6A09A-B329-4D48-89BF-99D599C731E5} = {DE70D6C5-86B9-49E2-883B-8A5C1C34037A}
	EndGlobalSection
EndGlobal
